// !$*UTF8*$!
{
	archiveVersion = 1;
	classes = {
	};
	objectVersion = 56;
	objects = {

/* Begin PBXBuildFile section */
		07BF7CA22C11BE9E007D6441 /* AppDelegate.swift in Sources */ = {isa = PBXBuildFile; fileRef = 07BF7CA12C11BE9E007D6441 /* AppDelegate.swift */; };
		07BF7CA42C11BE9E007D6441 /* SceneDelegate.swift in Sources */ = {isa = PBXBuildFile; fileRef = 07BF7CA32C11BE9E007D6441 /* SceneDelegate.swift */; };
		07BF7CA62C11BE9E007D6441 /* ViewController.swift in Sources */ = {isa = PBXBuildFile; fileRef = 07BF7CA52C11BE9E007D6441 /* ViewController.swift */; };
		07BF7CA92C11BE9E007D6441 /* Main.storyboard in Resources */ = {isa = PBXBuildFile; fileRef = 07BF7CA72C11BE9E007D6441 /* Main.storyboard */; };
		07BF7CAB2C11BEA2007D6441 /* Assets.xcassets in Resources */ = {isa = PBXBuildFile; fileRef = 07BF7CAA2C11BEA2007D6441 /* Assets.xcassets */; };
		07BF7CAE2C11BEA2007D6441 /* LaunchScreen.storyboard in Resources */ = {isa = PBXBuildFile; fileRef = 07BF7CAC2C11BEA2007D6441 /* LaunchScreen.storyboard */; };
		07BF7CBF2C11C4AD007D6441 /* Keygen.swift in Sources */ = {isa = PBXBuildFile; fileRef = 07BF7CBE2C11C4AD007D6441 /* Keygen.swift */; };
/* End PBXBuildFile section */

/* Begin PBXFileReference section */
		07BF7C9E2C11BE9E007D6441 /* SecureEnclavePunisher.app */ = {isa = PBXFileReference; explicitFileType = wrapper.application; includeInIndex = 0; path = SecureEnclavePunisher.app; sourceTree = BUILT_PRODUCTS_DIR; };
		07BF7CA12C11BE9E007D6441 /* AppDelegate.swift */ = {isa = PBXFileReference; lastKnownFileType = sourcecode.swift; path = AppDelegate.swift; sourceTree = "<group>"; };
		07BF7CA32C11BE9E007D6441 /* SceneDelegate.swift */ = {isa = PBXFileReference; lastKnownFileType = sourcecode.swift; path = SceneDelegate.swift; sourceTree = "<group>"; };
		07BF7CA52C11BE9E007D6441 /* ViewController.swift */ = {isa = PBXFileReference; lastKnownFileType = sourcecode.swift; path = ViewController.swift; sourceTree = "<group>"; };
		07BF7CA82C11BE9E007D6441 /* Base */ = {isa = PBXFileReference; lastKnownFileType = file.storyboard; name = Base; path = Base.lproj/Main.storyboard; sourceTree = "<group>"; };
		07BF7CAA2C11BEA2007D6441 /* Assets.xcassets */ = {isa = PBXFileReference; lastKnownFileType = folder.assetcatalog; path = Assets.xcassets; sourceTree = "<group>"; };
		07BF7CAD2C11BEA2007D6441 /* Base */ = {isa = PBXFileReference; lastKnownFileType = file.storyboard; name = Base; path = Base.lproj/LaunchScreen.storyboard; sourceTree = "<group>"; };
		07BF7CAF2C11BEA3007D6441 /* Info.plist */ = {isa = PBXFileReference; lastKnownFileType = text.plist.xml; path = Info.plist; sourceTree = "<group>"; };
		07BF7CBE2C11C4AD007D6441 /* Keygen.swift */ = {isa = PBXFileReference; lastKnownFileType = sourcecode.swift; path = Keygen.swift; sourceTree = "<group>"; };
/* End PBXFileReference section */

/* Begin PBXFrameworksBuildPhase section */
		07BF7C9B2C11BE9E007D6441 /* Frameworks */ = {
			isa = PBXFrameworksBuildPhase;
			buildActionMask = 2147483647;
			files = (
			);
			runOnlyForDeploymentPostprocessing = 0;
		};
/* End PBXFrameworksBuildPhase section */

/* Begin PBXGroup section */
		07BF7C952C11BE9E007D6441 = {
			isa = PBXGroup;
			children = (
				07BF7CA02C11BE9E007D6441 /* SecureEnclavePunisher */,
				07BF7C9F2C11BE9E007D6441 /* Products */,
			);
			sourceTree = "<group>";
		};
		07BF7C9F2C11BE9E007D6441 /* Products */ = {
			isa = PBXGroup;
			children = (
				07BF7C9E2C11BE9E007D6441 /* SecureEnclavePunisher.app */,
			);
			name = Products;
			sourceTree = "<group>";
		};
		07BF7CA02C11BE9E007D6441 /* SecureEnclavePunisher */ = {
			isa = PBXGroup;
			children = (
				07BF7CA12C11BE9E007D6441 /* AppDelegate.swift */,
				07BF7CA52C11BE9E007D6441 /* ViewController.swift */,
				07BF7CA32C11BE9E007D6441 /* SceneDelegate.swift */,
				07BF7CA72C11BE9E007D6441 /* Main.storyboard */,
				07BF7CAA2C11BEA2007D6441 /* Assets.xcassets */,
				07BF7CAC2C11BEA2007D6441 /* LaunchScreen.storyboard */,
				07BF7CAF2C11BEA3007D6441 /* Info.plist */,
				07BF7CBE2C11C4AD007D6441 /* Keygen.swift */,
			);
			path = SecureEnclavePunisher;
			sourceTree = "<group>";
		};
/* End PBXGroup section */

/* Begin PBXNativeTarget section */
		07BF7C9D2C11BE9E007D6441 /* SecureEnclavePunisher */ = {
			isa = PBXNativeTarget;
			buildConfigurationList = 07BF7CB22C11BEA3007D6441 /* Build configuration list for PBXNativeTarget "SecureEnclavePunisher" */;
			buildPhases = (
				07BF7C9A2C11BE9E007D6441 /* Sources */,
				07BF7C9B2C11BE9E007D6441 /* Frameworks */,
				07BF7C9C2C11BE9E007D6441 /* Resources */,
			);
			buildRules = (
			);
			dependencies = (
			);
			name = SecureEnclavePunisher;
			productName = SecureEnclavePunisher;
			productReference = 07BF7C9E2C11BE9E007D6441 /* SecureEnclavePunisher.app */;
			productType = "com.apple.product-type.application";
		};
/* End PBXNativeTarget section */

/* Begin PBXProject section */
		07BF7C962C11BE9E007D6441 /* Project object */ = {
			isa = PBXProject;
			attributes = {
				BuildIndependentTargetsInParallel = 1;
				LastSwiftUpdateCheck = 1520;
				LastUpgradeCheck = 1520;
				TargetAttributes = {
					07BF7C9D2C11BE9E007D6441 = {
						CreatedOnToolsVersion = 15.2;
					};
				};
			};
			buildConfigurationList = 07BF7C992C11BE9E007D6441 /* Build configuration list for PBXProject "SecureEnclavePunisher" */;
			compatibilityVersion = "Xcode 14.0";
			developmentRegion = en;
			hasScannedForEncodings = 0;
			knownRegions = (
				en,
				Base,
			);
			mainGroup = 07BF7C952C11BE9E007D6441;
			productRefGroup = 07BF7C9F2C11BE9E007D6441 /* Products */;
			projectDirPath = "";
			projectRoot = "";
			targets = (
				07BF7C9D2C11BE9E007D6441 /* SecureEnclavePunisher */,
			);
		};
/* End PBXProject section */

/* Begin PBXResourcesBuildPhase section */
		07BF7C9C2C11BE9E007D6441 /* Resources */ = {
			isa = PBXResourcesBuildPhase;
			buildActionMask = 2147483647;
			files = (
				07BF7CAE2C11BEA2007D6441 /* LaunchScreen.storyboard in Resources */,
				07BF7CAB2C11BEA2007D6441 /* Assets.xcassets in Resources */,
				07BF7CA92C11BE9E007D6441 /* Main.storyboard in Resources */,
			);
			runOnlyForDeploymentPostprocessing = 0;
		};
/* End PBXResourcesBuildPhase section */

/* Begin PBXSourcesBuildPhase section */
		07BF7C9A2C11BE9E007D6441 /* Sources */ = {
			isa = PBXSourcesBuildPhase;
			buildActionMask = 2147483647;
			files = (
				07BF7CBF2C11C4AD007D6441 /* Keygen.swift in Sources */,
				07BF7CA62C11BE9E007D6441 /* ViewController.swift in Sources */,
				07BF7CA22C11BE9E007D6441 /* AppDelegate.swift in Sources */,
				07BF7CA42C11BE9E007D6441 /* SceneDelegate.swift in Sources */,
			);
			runOnlyForDeploymentPostprocessing = 0;
		};
/* End PBXSourcesBuildPhase section */

/* Begin PBXVariantGroup section */
		07BF7CA72C11BE9E007D6441 /* Main.storyboard */ = {
			isa = PBXVariantGroup;
			children = (
				07BF7CA82C11BE9E007D6441 /* Base */,
			);
			name = Main.storyboard;
			sourceTree = "<group>";
		};
		07BF7CAC2C11BEA2007D6441 /* LaunchScreen.storyboard */ = {
			isa = PBXVariantGroup;
			children = (
				07BF7CAD2C11BEA2007D6441 /* Base */,
			);
			name = LaunchScreen.storyboard;
			sourceTree = "<group>";
		};
/* End PBXVariantGroup section */

/* Begin XCBuildConfiguration section */
		07BF7CB02C11BEA3007D6441 /* Debug */ = {
			isa = XCBuildConfiguration;
			buildSettings = {
				ALWAYS_SEARCH_USER_PATHS = NO;
				ASSETCATALOG_COMPILER_GENERATE_SWIFT_ASSET_SYMBOL_EXTENSIONS = YES;
				CLANG_ANALYZER_NONNULL = YES;
				CLANG_ANALYZER_NUMBER_OBJECT_CONVERSION = YES_AGGRESSIVE;
				CLANG_CXX_LANGUAGE_STANDARD = "gnu++20";
				CLANG_ENABLE_MODULES = YES;
				CLANG_ENABLE_OBJC_ARC = YES;
				CLANG_ENABLE_OBJC_WEAK = YES;
				CLANG_WARN_BLOCK_CAPTURE_AUTORELEASING = YES;
				CLANG_WARN_BOOL_CONVERSION = YES;
				CLANG_WARN_COMMA = YES;
				CLANG_WARN_CONSTANT_CONVERSION = YES;
				CLANG_WARN_DEPRECATED_OBJC_IMPLEMENTATIONS = YES;
				CLANG_WARN_DIRECT_OBJC_ISA_USAGE = YES_ERROR;
				CLANG_WARN_DOCUMENTATION_COMMENTS = YES;
				CLANG_WARN_EMPTY_BODY = YES;
				CLANG_WARN_ENUM_CONVERSION = YES;
				CLANG_WARN_INFINITE_RECURSION = YES;
				CLANG_WARN_INT_CONVERSION = YES;
				CLANG_WARN_NON_LITERAL_NULL_CONVERSION = YES;
				CLANG_WARN_OBJC_IMPLICIT_RETAIN_SELF = YES;
				CLANG_WARN_OBJC_LITERAL_CONVERSION = YES;
				CLANG_WARN_OBJC_ROOT_CLASS = YES_ERROR;
				CLANG_WARN_QUOTED_INCLUDE_IN_FRAMEWORK_HEADER = YES;
				CLANG_WARN_RANGE_LOOP_ANALYSIS = YES;
				CLANG_WARN_STRICT_PROTOTYPES = YES;
				CLANG_WARN_SUSPICIOUS_MOVE = YES;
				CLANG_WARN_UNGUARDED_AVAILABILITY = YES_AGGRESSIVE;
				CLANG_WARN_UNREACHABLE_CODE = YES;
				CLANG_WARN__DUPLICATE_METHOD_MATCH = YES;
				COPY_PHASE_STRIP = NO;
				DEBUG_INFORMATION_FORMAT = dwarf;
				ENABLE_STRICT_OBJC_MSGSEND = YES;
				ENABLE_TESTABILITY = YES;
				ENABLE_USER_SCRIPT_SANDBOXING = YES;
				GCC_C_LANGUAGE_STANDARD = gnu17;
				GCC_DYNAMIC_NO_PIC = NO;
				GCC_NO_COMMON_BLOCKS = YES;
				GCC_OPTIMIZATION_LEVEL = 0;
				GCC_PREPROCESSOR_DEFINITIONS = (
					"DEBUG=1",
					"$(inherited)",
				);
				GCC_WARN_64_TO_32_BIT_CONVERSION = YES;
				GCC_WARN_ABOUT_RETURN_TYPE = YES_ERROR;
				GCC_WARN_UNDECLARED_SELECTOR = YES;
				GCC_WARN_UNINITIALIZED_AUTOS = YES_AGGRESSIVE;
				GCC_WARN_UNUSED_FUNCTION = YES;
				GCC_WARN_UNUSED_VARIABLE = YES;
				IPHONEOS_DEPLOYMENT_TARGET = 17.2;
				LOCALIZATION_PREFERS_STRING_CATALOGS = YES;
				MTL_ENABLE_DEBUG_INFO = INCLUDE_SOURCE;
				MTL_FAST_MATH = YES;
				ONLY_ACTIVE_ARCH = YES;
				SDKROOT = iphoneos;
				SWIFT_ACTIVE_COMPILATION_CONDITIONS = "DEBUG $(inherited)";
				SWIFT_OPTIMIZATION_LEVEL = "-Onone";
			};
			name = Debug;
		};
		07BF7CB12C11BEA3007D6441 /* Release */ = {
			isa = XCBuildConfiguration;
			buildSettings = {
				ALWAYS_SEARCH_USER_PATHS = NO;
				ASSETCATALOG_COMPILER_GENERATE_SWIFT_ASSET_SYMBOL_EXTENSIONS = YES;
				CLANG_ANALYZER_NONNULL = YES;
				CLANG_ANALYZER_NUMBER_OBJECT_CONVERSION = YES_AGGRESSIVE;
				CLANG_CXX_LANGUAGE_STANDARD = "gnu++20";
				CLANG_ENABLE_MODULES = YES;
				CLANG_ENABLE_OBJC_ARC = YES;
				CLANG_ENABLE_OBJC_WEAK = YES;
				CLANG_WARN_BLOCK_CAPTURE_AUTORELEASING = YES;
				CLANG_WARN_BOOL_CONVERSION = YES;
				CLANG_WARN_COMMA = YES;
				CLANG_WARN_CONSTANT_CONVERSION = YES;
				CLANG_WARN_DEPRECATED_OBJC_IMPLEMENTATIONS = YES;
				CLANG_WARN_DIRECT_OBJC_ISA_USAGE = YES_ERROR;
				CLANG_WARN_DOCUMENTATION_COMMENTS = YES;
				CLANG_WARN_EMPTY_BODY = YES;
				CLANG_WARN_ENUM_CONVERSION = YES;
				CLANG_WARN_INFINITE_RECURSION = YES;
				CLANG_WARN_INT_CONVERSION = YES;
				CLANG_WARN_NON_LITERAL_NULL_CONVERSION = YES;
				CLANG_WARN_OBJC_IMPLICIT_RETAIN_SELF = YES;
				CLANG_WARN_OBJC_LITERAL_CONVERSION = YES;
				CLANG_WARN_OBJC_ROOT_CLASS = YES_ERROR;
				CLANG_WARN_QUOTED_INCLUDE_IN_FRAMEWORK_HEADER = YES;
				CLANG_WARN_RANGE_LOOP_ANALYSIS = YES;
				CLANG_WARN_STRICT_PROTOTYPES = YES;
				CLANG_WARN_SUSPICIOUS_MOVE = YES;
				CLANG_WARN_UNGUARDED_AVAILABILITY = YES_AGGRESSIVE;
				CLANG_WARN_UNREACHABLE_CODE = YES;
				CLANG_WARN__DUPLICATE_METHOD_MATCH = YES;
				COPY_PHASE_STRIP = NO;
				DEBUG_INFORMATION_FORMAT = "dwarf-with-dsym";
				ENABLE_NS_ASSERTIONS = NO;
				ENABLE_STRICT_OBJC_MSGSEND = YES;
				ENABLE_USER_SCRIPT_SANDBOXING = YES;
				GCC_C_LANGUAGE_STANDARD = gnu17;
				GCC_NO_COMMON_BLOCKS = YES;
				GCC_WARN_64_TO_32_BIT_CONVERSION = YES;
				GCC_WARN_ABOUT_RETURN_TYPE = YES_ERROR;
				GCC_WARN_UNDECLARED_SELECTOR = YES;
				GCC_WARN_UNINITIALIZED_AUTOS = YES_AGGRESSIVE;
				GCC_WARN_UNUSED_FUNCTION = YES;
				GCC_WARN_UNUSED_VARIABLE = YES;
				IPHONEOS_DEPLOYMENT_TARGET = 17.2;
				LOCALIZATION_PREFERS_STRING_CATALOGS = YES;
				MTL_ENABLE_DEBUG_INFO = NO;
				MTL_FAST_MATH = YES;
				SDKROOT = iphoneos;
				SWIFT_COMPILATION_MODE = wholemodule;
				VALIDATE_PRODUCT = YES;
			};
			name = Release;
		};
		07BF7CB32C11BEA3007D6441 /* Debug */ = {
			isa = XCBuildConfiguration;
			buildSettings = {
				ASSETCATALOG_COMPILER_APPICON_NAME = AppIcon;
				ASSETCATALOG_COMPILER_GLOBAL_ACCENT_COLOR_NAME = AccentColor;
				CODE_SIGN_STYLE = Automatic;
				CURRENT_PROJECT_VERSION = 1;
				DEVELOPMENT_TEAM = Z844BG28G2;
				GENERATE_INFOPLIST_FILE = YES;
				INFOPLIST_FILE = SecureEnclavePunisher/Info.plist;
				INFOPLIST_KEY_UIApplicationSupportsIndirectInputEvents = YES;
				INFOPLIST_KEY_UILaunchStoryboardName = LaunchScreen;
				INFOPLIST_KEY_UIMainStoryboardFile = Main;
				INFOPLIST_KEY_UISupportedInterfaceOrientations_iPad = "UIInterfaceOrientationPortrait UIInterfaceOrientationPortraitUpsideDown UIInterfaceOrientationLandscapeLeft UIInterfaceOrientationLandscapeRight";
				INFOPLIST_KEY_UISupportedInterfaceOrientations_iPhone = "UIInterfaceOrientationPortrait UIInterfaceOrientationLandscapeLeft UIInterfaceOrientationLandscapeRight";
				IPHONEOS_DEPLOYMENT_TARGET = 15.0;
				LD_RUNPATH_SEARCH_PATHS = (
					"$(inherited)",
					"@executable_path/Frameworks",
				);
				MARKETING_VERSION = 1.0;
				PRODUCT_BUNDLE_IDENTIFIER = com.accenture.SecureEnclavePunisher;
				PRODUCT_NAME = "$(TARGET_NAME)";
				SWIFT_EMIT_LOC_STRINGS = YES;
				SWIFT_VERSION = 5.0;
				TARGETED_DEVICE_FAMILY = "1,2";
			};
			name = Debug;
		};
		07BF7CB42C11BEA3007D6441 /* Release */ = {
			isa = XCBuildConfiguration;
			buildSettings = {
				ASSETCATALOG_COMPILER_APPICON_NAME = AppIcon;
				ASSETCATALOG_COMPILER_GLOBAL_ACCENT_COLOR_NAME = AccentColor;
				CODE_SIGN_STYLE = Automatic;
				CURRENT_PROJECT_VERSION = 1;
				DEVELOPMENT_TEAM = Z844BG28G2;
				GENERATE_INFOPLIST_FILE = YES;
				INFOPLIST_FILE = SecureEnclavePunisher/Info.plist;
				INFOPLIST_KEY_UIApplicationSupportsIndirectInputEvents = YES;
				INFOPLIST_KEY_UILaunchStoryboardName = LaunchScreen;
				INFOPLIST_KEY_UIMainStoryboardFile = Main;
				INFOPLIST_KEY_UISupportedInterfaceOrientations_iPad = "UIInterfaceOrientationPortrait UIInterfaceOrientationPortraitUpsideDown UIInterfaceOrientationLandscapeLeft UIInterfaceOrientationLandscapeRight";
				INFOPLIST_KEY_UISupportedInterfaceOrientations_iPhone = "UIInterfaceOrientationPortrait UIInterfaceOrientationLandscapeLeft UIInterfaceOrientationLandscapeRight";
				IPHONEOS_DEPLOYMENT_TARGET = 15.0;
				LD_RUNPATH_SEARCH_PATHS = (
					"$(inherited)",
					"@executable_path/Frameworks",
				);
				MARKETING_VERSION = 1.0;
				PRODUCT_BUNDLE_IDENTIFIER = com.accenture.SecureEnclavePunisher;
				PRODUCT_NAME = "$(TARGET_NAME)";
				SWIFT_EMIT_LOC_STRINGS = YES;
				SWIFT_VERSION = 5.0;
				TARGETED_DEVICE_FAMILY = "1,2";
			};
			name = Release;
		};
/* End XCBuildConfiguration section */

/* Begin XCConfigurationList section */
		07BF7C992C11BE9E007D6441 /* Build configuration list for PBXProject "SecureEnclavePunisher" */ = {
			isa = XCConfigurationList;
			buildConfigurations = (
				07BF7CB02C11BEA3007D6441 /* Debug */,
				07BF7CB12C11BEA3007D6441 /* Release */,
			);
			defaultConfigurationIsVisible = 0;
			defaultConfigurationName = Release;
		};
		07BF7CB22C11BEA3007D6441 /* Build configuration list for PBXNativeTarget "SecureEnclavePunisher" */ = {
			isa = XCConfigurationList;
			buildConfigurations = (
				07BF7CB32C11BEA3007D6441 /* Debug */,
				07BF7CB42C11BEA3007D6441 /* Release */,
			);
			defaultConfigurationIsVisible = 0;
			defaultConfigurationName = Release;
		};
/* End XCConfigurationList section */
	};
	rootObject = 07BF7C962C11BE9E007D6441 /* Project object */;
}
